
Microsoft Visual Studio Solution File, Format Version 12.00
# Visual Studio 2013
VisualStudioVersion = 12.0.40629.0
MinimumVisualStudioVersion = 10.0.40219.1
Project("{FAE04EC0-301F-11D3-BF4B-00C04F79EFBC}") = "FacebookApp", "facebookQuery\FacebookApp.csproj", "{51F53A9C-3EC9-4745-9A52-90C6123EE45E}"
EndProject
Project("{FAE04EC0-301F-11D3-BF4B-00C04F79EFBC}") = "DataBase", "DataBase\DataBase.csproj", "{F3EDA670-D963-42D7-845E-555C12DB1DBC}"
EndProject
Project("{FAE04EC0-301F-11D3-BF4B-00C04F79EFBC}") = "WebApp", "WebApp\WebApp.csproj", "{E6A7F79B-0CDF-4D49-9A11-864558D22D5E}"
EndProject
Project("{FAE04EC0-301F-11D3-BF4B-00C04F79EFBC}") = "Jobs", "Jobs\Jobs.csproj", "{DA5E57AC-C85D-4738-9CA5-BDD1CA482F23}"
EndProject
Project("{FAE04EC0-301F-11D3-BF4B-00C04F79EFBC}") = "Engines", "Engines\Engines.csproj", "{FBB7EBB2-3FB4-4A19-95C8-BA69794E8C44}"
EndProject
Project("{FAE04EC0-301F-11D3-BF4B-00C04F79EFBC}") = "Services", "Services\Services.csproj", "{D6CDD9A2-389B-4CF5-8888-ABD4D6905719}"
EndProject
Project("{FAE04EC0-301F-11D3-BF4B-00C04F79EFBC}") = "RequestsHelpers", "RequestsHelper\RequestsHelpers.csproj", "{3CB46211-A7DA-4884-88F0-15E801D2F0B7}"
EndProject
Project("{FAE04EC0-301F-11D3-BF4B-00C04F79EFBC}") = "Constants", "Constants\Constants.csproj", "{4AEE6581-5166-4756-97BC-A0535AAFBD38}"
EndProject
Project("{FAE04EC0-301F-11D3-BF4B-00C04F79EFBC}") = "CommonModels", "CommonModels\CommonModels.csproj", "{A64A27F4-6CF0-4936-8CB2-BC0E8F1609CB}"
EndProject
Project("{FAE04EC0-301F-11D3-BF4B-00C04F79EFBC}") = "Runner", "Runner\Runner.csproj", "{7B40E72A-6998-4C41-92B1-5CEC6F2F85A7}"
EndProject
Project("{FAE04EC0-301F-11D3-BF4B-00C04F79EFBC}") = "RunnerService", "RunnerService\RunnerService.csproj", "{05F7A129-A4A5-43AB-A6A2-A0B1C5089C12}"
EndProject
Global
	GlobalSection(SolutionConfigurationPlatforms) = preSolution
		Debug|Any CPU = Debug|Any CPU
		Release|Any CPU = Release|Any CPU
	EndGlobalSection
	GlobalSection(ProjectConfigurationPlatforms) = postSolution
		{51F53A9C-3EC9-4745-9A52-90C6123EE45E}.Debug|Any CPU.ActiveCfg = Debug|Any CPU
		{51F53A9C-3EC9-4745-9A52-90C6123EE45E}.Debug|Any CPU.Build.0 = Debug|Any CPU
		{51F53A9C-3EC9-4745-9A52-90C6123EE45E}.Release|Any CPU.ActiveCfg = Release|Any CPU
		{51F53A9C-3EC9-4745-9A52-90C6123EE45E}.Release|Any CPU.Build.0 = Release|Any CPU
		{F3EDA670-D963-42D7-845E-555C12DB1DBC}.Debug|Any CPU.ActiveCfg = Debug|Any CPU
		{F3EDA670-D963-42D7-845E-555C12DB1DBC}.Debug|Any CPU.Build.0 = Debug|Any CPU
		{F3EDA670-D963-42D7-845E-555C12DB1DBC}.Release|Any CPU.ActiveCfg = Release|Any CPU
		{F3EDA670-D963-42D7-845E-555C12DB1DBC}.Release|Any CPU.Build.0 = Release|Any CPU
		{E6A7F79B-0CDF-4D49-9A11-864558D22D5E}.Debug|Any CPU.ActiveCfg = Debug|Any CPU
		{E6A7F79B-0CDF-4D49-9A11-864558D22D5E}.Debug|Any CPU.Build.0 = Debug|Any CPU
		{E6A7F79B-0CDF-4D49-9A11-864558D22D5E}.Release|Any CPU.ActiveCfg = Release|Any CPU
		{E6A7F79B-0CDF-4D49-9A11-864558D22D5E}.Release|Any CPU.Build.0 = Release|Any CPU
		{DA5E57AC-C85D-4738-9CA5-BDD1CA482F23}.Debug|Any CPU.ActiveCfg = Debug|Any CPU
		{DA5E57AC-C85D-4738-9CA5-BDD1CA482F23}.Debug|Any CPU.Build.0 = Debug|Any CPU
		{DA5E57AC-C85D-4738-9CA5-BDD1CA482F23}.Release|Any CPU.ActiveCfg = Release|Any CPU
		{DA5E57AC-C85D-4738-9CA5-BDD1CA482F23}.Release|Any CPU.Build.0 = Release|Any CPU
		{FBB7EBB2-3FB4-4A19-95C8-BA69794E8C44}.Debug|Any CPU.ActiveCfg = Debug|Any CPU
		{FBB7EBB2-3FB4-4A19-95C8-BA69794E8C44}.Debug|Any CPU.Build.0 = Debug|Any CPU
		{FBB7EBB2-3FB4-4A19-95C8-BA69794E8C44}.Release|Any CPU.ActiveCfg = Release|Any CPU
		{FBB7EBB2-3FB4-4A19-95C8-BA69794E8C44}.Release|Any CPU.Build.0 = Release|Any CPU
		{D6CDD9A2-389B-4CF5-8888-ABD4D6905719}.Debug|Any CPU.ActiveCfg = Debug|Any CPU
		{D6CDD9A2-389B-4CF5-8888-ABD4D6905719}.Debug|Any CPU.Build.0 = Debug|Any CPU
		{D6CDD9A2-389B-4CF5-8888-ABD4D6905719}.Release|Any CPU.ActiveCfg = Release|Any CPU
		{D6CDD9A2-389B-4CF5-8888-ABD4D6905719}.Release|Any CPU.Build.0 = Release|Any CPU
		{3CB46211-A7DA-4884-88F0-15E801D2F0B7}.Debug|Any CPU.ActiveCfg = Debug|Any CPU
		{3CB46211-A7DA-4884-88F0-15E801D2F0B7}.Debug|Any CPU.Build.0 = Debug|Any CPU
		{3CB46211-A7DA-4884-88F0-15E801D2F0B7}.Release|Any CPU.ActiveCfg = Release|Any CPU
		{3CB46211-A7DA-4884-88F0-15E801D2F0B7}.Release|Any CPU.Build.0 = Release|Any CPU
		{4AEE6581-5166-4756-97BC-A0535AAFBD38}.Debug|Any CPU.ActiveCfg = Debug|Any CPU
		{4AEE6581-5166-4756-97BC-A0535AAFBD38}.Debug|Any CPU.Build.0 = Debug|Any CPU
		{4AEE6581-5166-4756-97BC-A0535AAFBD38}.Release|Any CPU.ActiveCfg = Release|Any CPU
		{4AEE6581-5166-4756-97BC-A0535AAFBD38}.Release|Any CPU.Build.0 = Release|Any CPU
		{A64A27F4-6CF0-4936-8CB2-BC0E8F1609CB}.Debug|Any CPU.ActiveCfg = Debug|Any CPU
		{A64A27F4-6CF0-4936-8CB2-BC0E8F1609CB}.Debug|Any CPU.Build.0 = Debug|Any CPU
		{A64A27F4-6CF0-4936-8CB2-BC0E8F1609CB}.Release|Any CPU.ActiveCfg = Release|Any CPU
		{A64A27F4-6CF0-4936-8CB2-BC0E8F1609CB}.Release|Any CPU.Build.0 = Release|Any CPU
		{7B40E72A-6998-4C41-92B1-5CEC6F2F85A7}.Debug|Any CPU.ActiveCfg = Debug|Any CPU
		{7B40E72A-6998-4C41-92B1-5CEC6F2F85A7}.Debug|Any CPU.Build.0 = Debug|Any CPU
		{7B40E72A-6998-4C41-92B1-5CEC6F2F85A7}.Release|Any CPU.ActiveCfg = Release|Any CPU
		{7B40E72A-6998-4C41-92B1-5CEC6F2F85A7}.Release|Any CPU.Build.0 = Release|Any CPU
		{05F7A129-A4A5-43AB-A6A2-A0B1C5089C12}.Debug|Any CPU.ActiveCfg = Debug|Any CPU
		{05F7A129-A4A5-43AB-A6A2-A0B1C5089C12}.Debug|Any CPU.Build.0 = Debug|Any CPU
		{05F7A129-A4A5-43AB-A6A2-A0B1C5089C12}.Release|Any CPU.ActiveCfg = Release|Any CPU
		{05F7A129-A4A5-43AB-A6A2-A0B1C5089C12}.Release|Any CPU.Build.0 = Release|Any CPU
	EndGlobalSection
	GlobalSection(SolutionProperties) = preSolution
		HideSolutionNode = FALSE
	EndGlobalSection
EndGlobal
